{
  "object": {
    "pins": [
      {
        "package": "MarqueeLabel",
        "repositoryURL": "https://github.com/cbpowell/MarqueeLabel",
        "state": {
          "branch": "master",
          "revision": "e916aa842beccf6fdbdecfed90819449a65e541c",
          "version": null
        }
      },
      {
        "package": "MBProgressHUD",
        "repositoryURL": "https://github.com/jdg/MBProgressHUD.git",
        "state": {
          "branch": "master",
          "revision": "c843e4c86d320a11552898646effa8000042ab16",
          "version": null
        }
      },
      {
        "package": "SDWebImage",
        "repositoryURL": "https://github.com/SDWebImage/SDWebImage.git",
        "state": {
          "branch": "master",
          "revision": "2c53f531f1bedd253f55d85105409c28ed4a922c",
          "version": null
        }
      }
    ]
  },
  "version": 1
}
